
Microsoft Visual Studio Solution File, Format Version 12.00
# Visual Studio Version 17
VisualStudioVersion = 17.4.33403.182
MinimumVisualStudioVersion = 10.0.40219.1
Project("{FAE04EC0-301F-11D3-BF4B-00C04F79EFBC}") = "ExamAuthIdentity", "ExamAuthIdentity.csproj", "{2297BACD-7BB8-4E4E-8D03-0A230B21EB7E}"
EndProject
Global
	GlobalSection(SolutionConfigurationPlatforms) = preSolution
		Debug|Any CPU = Debug|Any CPU
		Release|Any CPU = Release|Any CPU
	EndGlobalSection
	GlobalSection(ProjectConfigurationPlatforms) = postSolution
		{2297BACD-7BB8-4E4E-8D03-0A230B21EB7E}.Debug|Any CPU.ActiveCfg = Debug|Any CPU
		{2297BACD-7BB8-4E4E-8D03-0A230B21EB7E}.Debug|Any CPU.Build.0 = Debug|Any CPU
		{2297BACD-7BB8-4E4E-8D03-0A230B21EB7E}.Release|Any CPU.ActiveCfg = Release|Any CPU
		{2297BACD-7BB8-4E4E-8D03-0A230B21EB7E}.Release|Any CPU.Build.0 = Release|Any CPU
	EndGlobalSection
	GlobalSection(SolutionProperties) = preSolution
		HideSolutionNode = FALSE
	EndGlobalSection
	GlobalSection(ExtensibilityGlobals) = postSolution
		SolutionGuid = {6ABF0C3E-A8C0-459E-A779-D14D6953C72D}
	EndGlobalSection
EndGlobal
